
Microsoft Visual Studio Solution File, Format Version 12.00
# Visual Studio Version 17
VisualStudioVersion = 17.9.34728.123
MinimumVisualStudioVersion = 10.0.40219.1
Project("{FAE04EC0-301F-11D3-BF4B-00C04F79EFBC}") = "RepuestosWeb", "RepuestosWeb.csproj", "{C150120A-8C53-4144-BDDD-F854A1B1EA40}"
EndProject
Global
	GlobalSection(SolutionConfigurationPlatforms) = preSolution
		Debug|Any CPU = Debug|Any CPU
		Release|Any CPU = Release|Any CPU
	EndGlobalSection
	GlobalSection(ProjectConfigurationPlatforms) = postSolution
		{C150120A-8C53-4144-BDDD-F854A1B1EA40}.Debug|Any CPU.ActiveCfg = Debug|Any CPU
		{C150120A-8C53-4144-BDDD-F854A1B1EA40}.Debug|Any CPU.Build.0 = Debug|Any CPU
		{C150120A-8C53-4144-BDDD-F854A1B1EA40}.Release|Any CPU.ActiveCfg = Release|Any CPU
		{C150120A-8C53-4144-BDDD-F854A1B1EA40}.Release|Any CPU.Build.0 = Release|Any CPU
	EndGlobalSection
	GlobalSection(SolutionProperties) = preSolution
		HideSolutionNode = FALSE
	EndGlobalSection
	GlobalSection(ExtensibilityGlobals) = postSolution
		SolutionGuid = {1E7CBF0E-7648-49B0-88D6-2273CE271118}
	EndGlobalSection
EndGlobal
